
Microsoft Visual Studio Solution File, Format Version 12.00
# Visual Studio Version 17
VisualStudioVersion = 17.2.32516.85
MinimumVisualStudioVersion = 10.0.40219.1
Project("{FAE04EC0-301F-11D3-BF4B-00C04F79EFBC}") = "Aranda.WebApi", "Aranda.WebApi\Aranda.WebApi.csproj", "{C82060E2-4484-4D7D-9E48-D550E1397E7F}"
EndProject
Project("{FAE04EC0-301F-11D3-BF4B-00C04F79EFBC}") = "Aranda.EntityFramework", "Aranda.EntityFramework\Aranda.EntityFramework.csproj", "{1B5570BF-FACC-40F8-A938-47E3068A5CD3}"
EndProject
Project("{FAE04EC0-301F-11D3-BF4B-00C04F79EFBC}") = "Aranda.Core", "Aranda.Core\Aranda.Core.csproj", "{8E3873CD-4815-4F76-BED1-DB1AB0BA0292}"
EndProject
Global
	GlobalSection(SolutionConfigurationPlatforms) = preSolution
		Debug|Any CPU = Debug|Any CPU
		Release|Any CPU = Release|Any CPU
	EndGlobalSection
	GlobalSection(ProjectConfigurationPlatforms) = postSolution
		{C82060E2-4484-4D7D-9E48-D550E1397E7F}.Debug|Any CPU.ActiveCfg = Debug|Any CPU
		{C82060E2-4484-4D7D-9E48-D550E1397E7F}.Debug|Any CPU.Build.0 = Debug|Any CPU
		{C82060E2-4484-4D7D-9E48-D550E1397E7F}.Release|Any CPU.ActiveCfg = Release|Any CPU
		{C82060E2-4484-4D7D-9E48-D550E1397E7F}.Release|Any CPU.Build.0 = Release|Any CPU
		{1B5570BF-FACC-40F8-A938-47E3068A5CD3}.Debug|Any CPU.ActiveCfg = Debug|Any CPU
		{1B5570BF-FACC-40F8-A938-47E3068A5CD3}.Debug|Any CPU.Build.0 = Debug|Any CPU
		{1B5570BF-FACC-40F8-A938-47E3068A5CD3}.Release|Any CPU.ActiveCfg = Release|Any CPU
		{1B5570BF-FACC-40F8-A938-47E3068A5CD3}.Release|Any CPU.Build.0 = Release|Any CPU
		{8E3873CD-4815-4F76-BED1-DB1AB0BA0292}.Debug|Any CPU.ActiveCfg = Debug|Any CPU
		{8E3873CD-4815-4F76-BED1-DB1AB0BA0292}.Debug|Any CPU.Build.0 = Debug|Any CPU
		{8E3873CD-4815-4F76-BED1-DB1AB0BA0292}.Release|Any CPU.ActiveCfg = Release|Any CPU
		{8E3873CD-4815-4F76-BED1-DB1AB0BA0292}.Release|Any CPU.Build.0 = Release|Any CPU
	EndGlobalSection
	GlobalSection(SolutionProperties) = preSolution
		HideSolutionNode = FALSE
	EndGlobalSection
	GlobalSection(ExtensibilityGlobals) = postSolution
		SolutionGuid = {FECD31EE-E1E0-4B14-920D-71E3C37F3E5C}
	EndGlobalSection
EndGlobal
